
Microsoft Visual Studio Solution File, Format Version 12.00
# Visual Studio 15
VisualStudioVersion = 15.0.28010.2026
MinimumVisualStudioVersion = 10.0.40219.1
Project("{FAE04EC0-301F-11D3-BF4B-00C04F79EFBC}") = "GitTest", "GitTest\GitTest.csproj", "{A61C761D-66CF-490B-8C74-C833FB090370}"
EndProject
Global
	GlobalSection(SolutionConfigurationPlatforms) = preSolution
		Debug|Any CPU = Debug|Any CPU
		Release|Any CPU = Release|Any CPU
	EndGlobalSection
	GlobalSection(ProjectConfigurationPlatforms) = postSolution
		{A61C761D-66CF-490B-8C74-C833FB090370}.Debug|Any CPU.ActiveCfg = Debug|Any CPU
		{A61C761D-66CF-490B-8C74-C833FB090370}.Debug|Any CPU.Build.0 = Debug|Any CPU
		{A61C761D-66CF-490B-8C74-C833FB090370}.Release|Any CPU.ActiveCfg = Release|Any CPU
		{A61C761D-66CF-490B-8C74-C833FB090370}.Release|Any CPU.Build.0 = Release|Any CPU
	EndGlobalSection
	GlobalSection(SolutionProperties) = preSolution
		HideSolutionNode = FALSE
	EndGlobalSection
	GlobalSection(ExtensibilityGlobals) = postSolution
		SolutionGuid = {612895E9-F2FC-45F8-B53B-D46F79A0883B}
	EndGlobalSection
EndGlobal
